
Microsoft Visual Studio Solution File, Format Version 12.00
# Visual Studio Version 17
VisualStudioVersion = 17.0.31903.59
MinimumVisualStudioVersion = 10.0.40219.1
Project("{FAE04EC0-301F-11D3-BF4B-00C04F79EFBC}") = "API", "API\API.csproj", "{F86EFD52-991E-4CA4-BA06-BF2591184D1A}"
EndProject
Project("{FAE04EC0-301F-11D3-BF4B-00C04F79EFBC}") = "Core", "Core\Core.csproj", "{3D6FE8C8-ED83-4128-A202-5314084C37FF}"
EndProject
Project("{FAE04EC0-301F-11D3-BF4B-00C04F79EFBC}") = "Infrastructure", "Infrastructure\Infrastructure.csproj", "{D3FE4D08-A29B-4BA0-B4E0-310FD2C8E611}"
EndProject
Global
	GlobalSection(SolutionConfigurationPlatforms) = preSolution
		Debug|Any CPU = Debug|Any CPU
		Release|Any CPU = Release|Any CPU
	EndGlobalSection
	GlobalSection(SolutionProperties) = preSolution
		HideSolutionNode = FALSE
	EndGlobalSection
	GlobalSection(ProjectConfigurationPlatforms) = postSolution
		{F86EFD52-991E-4CA4-BA06-BF2591184D1A}.Debug|Any CPU.ActiveCfg = Debug|Any CPU
		{F86EFD52-991E-4CA4-BA06-BF2591184D1A}.Debug|Any CPU.Build.0 = Debug|Any CPU
		{F86EFD52-991E-4CA4-BA06-BF2591184D1A}.Release|Any CPU.ActiveCfg = Release|Any CPU
		{F86EFD52-991E-4CA4-BA06-BF2591184D1A}.Release|Any CPU.Build.0 = Release|Any CPU
		{3D6FE8C8-ED83-4128-A202-5314084C37FF}.Debug|Any CPU.ActiveCfg = Debug|Any CPU
		{3D6FE8C8-ED83-4128-A202-5314084C37FF}.Debug|Any CPU.Build.0 = Debug|Any CPU
		{3D6FE8C8-ED83-4128-A202-5314084C37FF}.Release|Any CPU.ActiveCfg = Release|Any CPU
		{3D6FE8C8-ED83-4128-A202-5314084C37FF}.Release|Any CPU.Build.0 = Release|Any CPU
		{D3FE4D08-A29B-4BA0-B4E0-310FD2C8E611}.Debug|Any CPU.ActiveCfg = Debug|Any CPU
		{D3FE4D08-A29B-4BA0-B4E0-310FD2C8E611}.Debug|Any CPU.Build.0 = Debug|Any CPU
		{D3FE4D08-A29B-4BA0-B4E0-310FD2C8E611}.Release|Any CPU.ActiveCfg = Release|Any CPU
		{D3FE4D08-A29B-4BA0-B4E0-310FD2C8E611}.Release|Any CPU.Build.0 = Release|Any CPU
	EndGlobalSection
EndGlobal
